
Microsoft Visual Studio Solution File, Format Version 12.00
# Visual Studio 2012
Project("{8BC9CEB8-8B4A-11D0-8D11-00A0C91BC942}") = "Project crispy crawl", "Advanced game desing\Advanced game desing.vcxproj", "{4F20BCA2-5B86-4FF9-B75F-E513C5D65787}"
EndProject
Project("{FAE04EC0-301F-11D3-BF4B-00C04F79EFBC}") = "DungMaker", "DungMaker\DungMaker.csproj", "{79825588-1214-4364-9CA4-1B6E13CF8A43}"
EndProject
Project("{8BC9CEB8-8B4A-11D0-8D11-00A0C91BC942}") = "DMLogger(dll)", "DMLogger\DMLogger.vcxproj", "{18E102CC-9D8C-45CD-94D5-6460A7CC0424}"
EndProject
Project("{2150E333-8FDC-42A3-9474-1A3956D46DE8}") = "Solution Items", "Solution Items", "{3A376F05-3613-4EDB-9291-AAC7C0DB6F4C}"
	ProjectSection(SolutionItems) = preProject
		Performance1.psess = Performance1.psess
	EndProjectSection
EndProject
Project("{8BC9CEB8-8B4A-11D0-8D11-00A0C91BC942}") = "DMAstar(dll)", "DeathAstarDLL\DeathAstarDLL.vcxproj", "{3CCFBA25-0FA4-4886-A22D-AA45BCD22251}"
EndProject
Project("{8BC9CEB8-8B4A-11D0-8D11-00A0C91BC942}") = "driverprogram", "driverprogram\driverprogram.vcxproj", "{A8A77436-EECE-49BA-9A34-900D606B3700}"
EndProject
Project("{8BC9CEB8-8B4A-11D0-8D11-00A0C91BC942}") = "DMLib(dll)", "DMLib\DMLib.vcxproj", "{EAA2E3B3-D2A3-4D67-A7F7-16ECE6D7AB12}"
EndProject
Project("{8BC9CEB8-8B4A-11D0-8D11-00A0C91BC942}") = "DMGameLib(dll)", "DMGameLib(dll)\DMGameLib(dll).vcxproj", "{41A5331A-E449-4C24-8C41-B160A243B67D}"
EndProject
Project("{8BC9CEB8-8B4A-11D0-8D11-00A0C91BC942}") = "DMSecurity(dll)", "DMSecurity(dll)\DMSecurity(dll).vcxproj", "{E6157188-8DFE-473A-B238-B02C581097C4}"
EndProject
Project("{8BC9CEB8-8B4A-11D0-8D11-00A0C91BC942}") = "UpdateManager", "UpdateManager\UpdateManager.vcxproj", "{A2532875-02E2-43E1-AC9A-8ECC6A2C95B8}"
EndProject
Project("{8BC9CEB8-8B4A-11D0-8D11-00A0C91BC942}") = "Game Editer", "Game Editer\Game Editer.vcxproj", "{ABDB3C8F-E50A-4413-86E6-45765311828E}"
EndProject
Project("{8BC9CEB8-8B4A-11D0-8D11-00A0C91BC942}") = "DMAntiCheat(dll)", "DMAntiCheat(dll)\DMAntiCheat(dll).vcxproj", "{EDCCAD0D-C259-4329-A106-EEC658E6DE9D}"
EndProject
Global
	GlobalSection(TeamFoundationVersionControl) = preSolution
		SccNumberOfProjects = 3
		SccEnterpriseProvider = {4CA58AB2-18FA-4F8D-95D4-32DDF27D184C}
		SccTeamFoundationServer = https://deathmock.visualstudio.com/defaultcollection
		SccProjectUniqueName0 = Advanced\u0020game\u0020desing\\Advanced\u0020game\u0020desing.vcxproj
		SccProjectName0 = Advanced\u0020game\u0020desing
		SccAuxPath0 = https://deathmock.visualstudio.com/defaultcollection
		SccLocalPath0 = Advanced\u0020game\u0020desing
		SccProvider0 = {4CA58AB2-18FA-4F8D-95D4-32DDF27D184C}
		SccProjectUniqueName1 = DMLogger\\DMLogger.vcxproj
		SccProjectName1 = DMLogger
		SccAuxPath1 = https://deathmock.visualstudio.com/defaultcollection
		SccLocalPath1 = DMLogger
		SccProvider1 = {4CA58AB2-18FA-4F8D-95D4-32DDF27D184C}
		SccProjectUniqueName2 = DungMaker\\DungMaker.csproj
		SccProjectName2 = DungMaker
		SccAuxPath2 = https://deathmock.visualstudio.com/defaultcollection
		SccLocalPath2 = DungMaker
		SccProvider2 = {4CA58AB2-18FA-4F8D-95D4-32DDF27D184C}
	EndGlobalSection
	GlobalSection(SolutionConfigurationPlatforms) = preSolution
		Debug|Any CPU = Debug|Any CPU
		Debug|Mixed Platforms = Debug|Mixed Platforms
		Debug|Win32 = Debug|Win32
		dungediter|Any CPU = dungediter|Any CPU
		dungediter|Mixed Platforms = dungediter|Mixed Platforms
		dungediter|Win32 = dungediter|Win32
		game|Any CPU = game|Any CPU
		game|Mixed Platforms = game|Mixed Platforms
		game|Win32 = game|Win32
		Profile|Any CPU = Profile|Any CPU
		Profile|Mixed Platforms = Profile|Mixed Platforms
		Profile|Win32 = Profile|Win32
		Release|Any CPU = Release|Any CPU
		Release|Mixed Platforms = Release|Mixed Platforms
		Release|Win32 = Release|Win32
	EndGlobalSection
	GlobalSection(ProjectConfigurationPlatforms) = postSolution
		{4F20BCA2-5B86-4FF9-B75F-E513C5D65787}.Debug|Any CPU.ActiveCfg = Debug|Win32
		{4F20BCA2-5B86-4FF9-B75F-E513C5D65787}.Debug|Mixed Platforms.ActiveCfg = Debug|Win32
		{4F20BCA2-5B86-4FF9-B75F-E513C5D65787}.Debug|Mixed Platforms.Build.0 = Debug|Win32
		{4F20BCA2-5B86-4FF9-B75F-E513C5D65787}.Debug|Win32.ActiveCfg = Debug|Win32
		{4F20BCA2-5B86-4FF9-B75F-E513C5D65787}.Debug|Win32.Build.0 = Debug|Win32
		{4F20BCA2-5B86-4FF9-B75F-E513C5D65787}.dungediter|Any CPU.ActiveCfg = dungediter|Win32
		{4F20BCA2-5B86-4FF9-B75F-E513C5D65787}.dungediter|Mixed Platforms.ActiveCfg = dungediter|Win32
		{4F20BCA2-5B86-4FF9-B75F-E513C5D65787}.dungediter|Mixed Platforms.Build.0 = dungediter|Win32
		{4F20BCA2-5B86-4FF9-B75F-E513C5D65787}.dungediter|Win32.ActiveCfg = dungediter|Win32
		{4F20BCA2-5B86-4FF9-B75F-E513C5D65787}.dungediter|Win32.Build.0 = dungediter|Win32
		{4F20BCA2-5B86-4FF9-B75F-E513C5D65787}.game|Any CPU.ActiveCfg = game|Win32
		{4F20BCA2-5B86-4FF9-B75F-E513C5D65787}.game|Mixed Platforms.ActiveCfg = game|Win32
		{4F20BCA2-5B86-4FF9-B75F-E513C5D65787}.game|Mixed Platforms.Build.0 = game|Win32
		{4F20BCA2-5B86-4FF9-B75F-E513C5D65787}.game|Win32.ActiveCfg = game|Win32
		{4F20BCA2-5B86-4FF9-B75F-E513C5D65787}.Profile|Any CPU.ActiveCfg = Release|Win32
		{4F20BCA2-5B86-4FF9-B75F-E513C5D65787}.Profile|Mixed Platforms.ActiveCfg = Release|Win32
		{4F20BCA2-5B86-4FF9-B75F-E513C5D65787}.Profile|Mixed Platforms.Build.0 = Release|Win32
		{4F20BCA2-5B86-4FF9-B75F-E513C5D65787}.Profile|Win32.ActiveCfg = Release|Win32
		{4F20BCA2-5B86-4FF9-B75F-E513C5D65787}.Profile|Win32.Build.0 = Release|Win32
		{4F20BCA2-5B86-4FF9-B75F-E513C5D65787}.Release|Any CPU.ActiveCfg = Release|Win32
		{4F20BCA2-5B86-4FF9-B75F-E513C5D65787}.Release|Mixed Platforms.ActiveCfg = Release|Win32
		{4F20BCA2-5B86-4FF9-B75F-E513C5D65787}.Release|Mixed Platforms.Build.0 = Release|Win32
		{4F20BCA2-5B86-4FF9-B75F-E513C5D65787}.Release|Win32.ActiveCfg = Release|Win32
		{4F20BCA2-5B86-4FF9-B75F-E513C5D65787}.Release|Win32.Build.0 = Release|Win32
		{79825588-1214-4364-9CA4-1B6E13CF8A43}.Debug|Any CPU.ActiveCfg = Debug|Any CPU
		{79825588-1214-4364-9CA4-1B6E13CF8A43}.Debug|Any CPU.Build.0 = Debug|Any CPU
		{79825588-1214-4364-9CA4-1B6E13CF8A43}.Debug|Mixed Platforms.ActiveCfg = Debug|Any CPU
		{79825588-1214-4364-9CA4-1B6E13CF8A43}.Debug|Mixed Platforms.Build.0 = Debug|Any CPU
		{79825588-1214-4364-9CA4-1B6E13CF8A43}.Debug|Win32.ActiveCfg = Debug|Any CPU
		{79825588-1214-4364-9CA4-1B6E13CF8A43}.dungediter|Any CPU.ActiveCfg = dungediter|Any CPU
		{79825588-1214-4364-9CA4-1B6E13CF8A43}.dungediter|Any CPU.Build.0 = dungediter|Any CPU
		{79825588-1214-4364-9CA4-1B6E13CF8A43}.dungediter|Mixed Platforms.ActiveCfg = dungediter|Any CPU
		{79825588-1214-4364-9CA4-1B6E13CF8A43}.dungediter|Mixed Platforms.Build.0 = dungediter|Any CPU
		{79825588-1214-4364-9CA4-1B6E13CF8A43}.dungediter|Win32.ActiveCfg = dungediter|Any CPU
		{79825588-1214-4364-9CA4-1B6E13CF8A43}.game|Any CPU.ActiveCfg = game|Any CPU
		{79825588-1214-4364-9CA4-1B6E13CF8A43}.game|Any CPU.Build.0 = game|Any CPU
		{79825588-1214-4364-9CA4-1B6E13CF8A43}.game|Mixed Platforms.ActiveCfg = game|Any CPU
		{79825588-1214-4364-9CA4-1B6E13CF8A43}.game|Win32.ActiveCfg = game|Any CPU
		{79825588-1214-4364-9CA4-1B6E13CF8A43}.Profile|Any CPU.ActiveCfg = Profile|Any CPU
		{79825588-1214-4364-9CA4-1B6E13CF8A43}.Profile|Any CPU.Build.0 = Profile|Any CPU
		{79825588-1214-4364-9CA4-1B6E13CF8A43}.Profile|Mixed Platforms.ActiveCfg = Profile|Any CPU
		{79825588-1214-4364-9CA4-1B6E13CF8A43}.Profile|Mixed Platforms.Build.0 = Profile|Any CPU
		{79825588-1214-4364-9CA4-1B6E13CF8A43}.Profile|Win32.ActiveCfg = Profile|Any CPU
		{79825588-1214-4364-9CA4-1B6E13CF8A43}.Release|Any CPU.ActiveCfg = Release|Any CPU
		{79825588-1214-4364-9CA4-1B6E13CF8A43}.Release|Any CPU.Build.0 = Release|Any CPU
		{79825588-1214-4364-9CA4-1B6E13CF8A43}.Release|Mixed Platforms.ActiveCfg = Release|Any CPU
		{79825588-1214-4364-9CA4-1B6E13CF8A43}.Release|Mixed Platforms.Build.0 = Release|Any CPU
		{79825588-1214-4364-9CA4-1B6E13CF8A43}.Release|Win32.ActiveCfg = Release|Any CPU
		{18E102CC-9D8C-45CD-94D5-6460A7CC0424}.Debug|Any CPU.ActiveCfg = Debug|Win32
		{18E102CC-9D8C-45CD-94D5-6460A7CC0424}.Debug|Mixed Platforms.ActiveCfg = Debug|Win32
		{18E102CC-9D8C-45CD-94D5-6460A7CC0424}.Debug|Mixed Platforms.Build.0 = Debug|Win32
		{18E102CC-9D8C-45CD-94D5-6460A7CC0424}.Debug|Win32.ActiveCfg = Debug|Win32
		{18E102CC-9D8C-45CD-94D5-6460A7CC0424}.Debug|Win32.Build.0 = Debug|Win32
		{18E102CC-9D8C-45CD-94D5-6460A7CC0424}.dungediter|Any CPU.ActiveCfg = Debug|Win32
		{18E102CC-9D8C-45CD-94D5-6460A7CC0424}.dungediter|Mixed Platforms.ActiveCfg = Debug|Win32
		{18E102CC-9D8C-45CD-94D5-6460A7CC0424}.dungediter|Mixed Platforms.Build.0 = Debug|Win32
		{18E102CC-9D8C-45CD-94D5-6460A7CC0424}.dungediter|Win32.ActiveCfg = Debug|Win32
		{18E102CC-9D8C-45CD-94D5-6460A7CC0424}.dungediter|Win32.Build.0 = Debug|Win32
		{18E102CC-9D8C-45CD-94D5-6460A7CC0424}.game|Any CPU.ActiveCfg = Release|Win32
		{18E102CC-9D8C-45CD-94D5-6460A7CC0424}.game|Mixed Platforms.ActiveCfg = Release|Win32
		{18E102CC-9D8C-45CD-94D5-6460A7CC0424}.game|Mixed Platforms.Build.0 = Release|Win32
		{18E102CC-9D8C-45CD-94D5-6460A7CC0424}.game|Win32.ActiveCfg = Release|Win32
		{18E102CC-9D8C-45CD-94D5-6460A7CC0424}.game|Win32.Build.0 = Release|Win32
		{18E102CC-9D8C-45CD-94D5-6460A7CC0424}.Profile|Any CPU.ActiveCfg = Release|Win32
		{18E102CC-9D8C-45CD-94D5-6460A7CC0424}.Profile|Mixed Platforms.ActiveCfg = Release|Win32
		{18E102CC-9D8C-45CD-94D5-6460A7CC0424}.Profile|Mixed Platforms.Build.0 = Release|Win32
		{18E102CC-9D8C-45CD-94D5-6460A7CC0424}.Profile|Win32.ActiveCfg = Release|Win32
		{18E102CC-9D8C-45CD-94D5-6460A7CC0424}.Profile|Win32.Build.0 = Release|Win32
		{18E102CC-9D8C-45CD-94D5-6460A7CC0424}.Release|Any CPU.ActiveCfg = Release|Win32
		{18E102CC-9D8C-45CD-94D5-6460A7CC0424}.Release|Mixed Platforms.ActiveCfg = Release|Win32
		{18E102CC-9D8C-45CD-94D5-6460A7CC0424}.Release|Mixed Platforms.Build.0 = Release|Win32
		{18E102CC-9D8C-45CD-94D5-6460A7CC0424}.Release|Win32.ActiveCfg = Release|Win32
		{18E102CC-9D8C-45CD-94D5-6460A7CC0424}.Release|Win32.Build.0 = Release|Win32
		{3CCFBA25-0FA4-4886-A22D-AA45BCD22251}.Debug|Any CPU.ActiveCfg = Debug|Win32
		{3CCFBA25-0FA4-4886-A22D-AA45BCD22251}.Debug|Mixed Platforms.ActiveCfg = Debug|Win32
		{3CCFBA25-0FA4-4886-A22D-AA45BCD22251}.Debug|Mixed Platforms.Build.0 = Debug|Win32
		{3CCFBA25-0FA4-4886-A22D-AA45BCD22251}.Debug|Win32.ActiveCfg = Debug|Win32
		{3CCFBA25-0FA4-4886-A22D-AA45BCD22251}.Debug|Win32.Build.0 = Debug|Win32
		{3CCFBA25-0FA4-4886-A22D-AA45BCD22251}.dungediter|Any CPU.ActiveCfg = Debug|Win32
		{3CCFBA25-0FA4-4886-A22D-AA45BCD22251}.dungediter|Mixed Platforms.ActiveCfg = Debug|Win32
		{3CCFBA25-0FA4-4886-A22D-AA45BCD22251}.dungediter|Mixed Platforms.Build.0 = Debug|Win32
		{3CCFBA25-0FA4-4886-A22D-AA45BCD22251}.dungediter|Win32.ActiveCfg = Debug|Win32
		{3CCFBA25-0FA4-4886-A22D-AA45BCD22251}.dungediter|Win32.Build.0 = Debug|Win32
		{3CCFBA25-0FA4-4886-A22D-AA45BCD22251}.game|Any CPU.ActiveCfg = Release|Win32
		{3CCFBA25-0FA4-4886-A22D-AA45BCD22251}.game|Mixed Platforms.ActiveCfg = Release|Win32
		{3CCFBA25-0FA4-4886-A22D-AA45BCD22251}.game|Mixed Platforms.Build.0 = Release|Win32
		{3CCFBA25-0FA4-4886-A22D-AA45BCD22251}.game|Win32.ActiveCfg = Release|Win32
		{3CCFBA25-0FA4-4886-A22D-AA45BCD22251}.game|Win32.Build.0 = Release|Win32
		{3CCFBA25-0FA4-4886-A22D-AA45BCD22251}.Profile|Any CPU.ActiveCfg = Release|Win32
		{3CCFBA25-0FA4-4886-A22D-AA45BCD22251}.Profile|Mixed Platforms.ActiveCfg = Release|Win32
		{3CCFBA25-0FA4-4886-A22D-AA45BCD22251}.Profile|Mixed Platforms.Build.0 = Release|Win32
		{3CCFBA25-0FA4-4886-A22D-AA45BCD22251}.Profile|Win32.ActiveCfg = Release|Win32
		{3CCFBA25-0FA4-4886-A22D-AA45BCD22251}.Profile|Win32.Build.0 = Release|Win32
		{3CCFBA25-0FA4-4886-A22D-AA45BCD22251}.Release|Any CPU.ActiveCfg = Release|Win32
		{3CCFBA25-0FA4-4886-A22D-AA45BCD22251}.Release|Mixed Platforms.ActiveCfg = Release|Win32
		{3CCFBA25-0FA4-4886-A22D-AA45BCD22251}.Release|Mixed Platforms.Build.0 = Release|Win32
		{3CCFBA25-0FA4-4886-A22D-AA45BCD22251}.Release|Win32.ActiveCfg = Release|Win32
		{3CCFBA25-0FA4-4886-A22D-AA45BCD22251}.Release|Win32.Build.0 = Release|Win32
		{A8A77436-EECE-49BA-9A34-900D606B3700}.Debug|Any CPU.ActiveCfg = Debug|Win32
		{A8A77436-EECE-49BA-9A34-900D606B3700}.Debug|Mixed Platforms.ActiveCfg = Debug|Win32
		{A8A77436-EECE-49BA-9A34-900D606B3700}.Debug|Mixed Platforms.Build.0 = Debug|Win32
		{A8A77436-EECE-49BA-9A34-900D606B3700}.Debug|Win32.ActiveCfg = Debug|Win32
		{A8A77436-EECE-49BA-9A34-900D606B3700}.Debug|Win32.Build.0 = Debug|Win32
		{A8A77436-EECE-49BA-9A34-900D606B3700}.dungediter|Any CPU.ActiveCfg = Debug|Win32
		{A8A77436-EECE-49BA-9A34-900D606B3700}.dungediter|Mixed Platforms.ActiveCfg = Debug|Win32
		{A8A77436-EECE-49BA-9A34-900D606B3700}.dungediter|Mixed Platforms.Build.0 = Debug|Win32
		{A8A77436-EECE-49BA-9A34-900D606B3700}.dungediter|Win32.ActiveCfg = Debug|Win32
		{A8A77436-EECE-49BA-9A34-900D606B3700}.dungediter|Win32.Build.0 = Debug|Win32
		{A8A77436-EECE-49BA-9A34-900D606B3700}.game|Any CPU.ActiveCfg = Release|Win32
		{A8A77436-EECE-49BA-9A34-900D606B3700}.game|Mixed Platforms.ActiveCfg = Release|Win32
		{A8A77436-EECE-49BA-9A34-900D606B3700}.game|Mixed Platforms.Build.0 = Release|Win32
		{A8A77436-EECE-49BA-9A34-900D606B3700}.game|Win32.ActiveCfg = Release|Win32
		{A8A77436-EECE-49BA-9A34-900D606B3700}.game|Win32.Build.0 = Release|Win32
		{A8A77436-EECE-49BA-9A34-900D606B3700}.Profile|Any CPU.ActiveCfg = Release|Win32
		{A8A77436-EECE-49BA-9A34-900D606B3700}.Profile|Mixed Platforms.ActiveCfg = Release|Win32
		{A8A77436-EECE-49BA-9A34-900D606B3700}.Profile|Mixed Platforms.Build.0 = Release|Win32
		{A8A77436-EECE-49BA-9A34-900D606B3700}.Profile|Win32.ActiveCfg = Release|Win32
		{A8A77436-EECE-49BA-9A34-900D606B3700}.Profile|Win32.Build.0 = Release|Win32
		{A8A77436-EECE-49BA-9A34-900D606B3700}.Release|Any CPU.ActiveCfg = Release|Win32
		{A8A77436-EECE-49BA-9A34-900D606B3700}.Release|Mixed Platforms.ActiveCfg = Release|Win32
		{A8A77436-EECE-49BA-9A34-900D606B3700}.Release|Mixed Platforms.Build.0 = Release|Win32
		{A8A77436-EECE-49BA-9A34-900D606B3700}.Release|Win32.ActiveCfg = Release|Win32
		{A8A77436-EECE-49BA-9A34-900D606B3700}.Release|Win32.Build.0 = Release|Win32
		{EAA2E3B3-D2A3-4D67-A7F7-16ECE6D7AB12}.Debug|Any CPU.ActiveCfg = Debug|Win32
		{EAA2E3B3-D2A3-4D67-A7F7-16ECE6D7AB12}.Debug|Mixed Platforms.ActiveCfg = Debug|Win32
		{EAA2E3B3-D2A3-4D67-A7F7-16ECE6D7AB12}.Debug|Mixed Platforms.Build.0 = Debug|Win32
		{EAA2E3B3-D2A3-4D67-A7F7-16ECE6D7AB12}.Debug|Win32.ActiveCfg = Debug|Win32
		{EAA2E3B3-D2A3-4D67-A7F7-16ECE6D7AB12}.Debug|Win32.Build.0 = Debug|Win32
		{EAA2E3B3-D2A3-4D67-A7F7-16ECE6D7AB12}.dungediter|Any CPU.ActiveCfg = Debug|Win32
		{EAA2E3B3-D2A3-4D67-A7F7-16ECE6D7AB12}.dungediter|Mixed Platforms.ActiveCfg = Debug|Win32
		{EAA2E3B3-D2A3-4D67-A7F7-16ECE6D7AB12}.dungediter|Mixed Platforms.Build.0 = Debug|Win32
		{EAA2E3B3-D2A3-4D67-A7F7-16ECE6D7AB12}.dungediter|Win32.ActiveCfg = Debug|Win32
		{EAA2E3B3-D2A3-4D67-A7F7-16ECE6D7AB12}.dungediter|Win32.Build.0 = Debug|Win32
		{EAA2E3B3-D2A3-4D67-A7F7-16ECE6D7AB12}.game|Any CPU.ActiveCfg = Release|Win32
		{EAA2E3B3-D2A3-4D67-A7F7-16ECE6D7AB12}.game|Mixed Platforms.ActiveCfg = Release|Win32
		{EAA2E3B3-D2A3-4D67-A7F7-16ECE6D7AB12}.game|Mixed Platforms.Build.0 = Release|Win32
		{EAA2E3B3-D2A3-4D67-A7F7-16ECE6D7AB12}.game|Win32.ActiveCfg = Release|Win32
		{EAA2E3B3-D2A3-4D67-A7F7-16ECE6D7AB12}.game|Win32.Build.0 = Release|Win32
		{EAA2E3B3-D2A3-4D67-A7F7-16ECE6D7AB12}.Profile|Any CPU.ActiveCfg = Release|Win32
		{EAA2E3B3-D2A3-4D67-A7F7-16ECE6D7AB12}.Profile|Mixed Platforms.ActiveCfg = Release|Win32
		{EAA2E3B3-D2A3-4D67-A7F7-16ECE6D7AB12}.Profile|Mixed Platforms.Build.0 = Release|Win32
		{EAA2E3B3-D2A3-4D67-A7F7-16ECE6D7AB12}.Profile|Win32.ActiveCfg = Release|Win32
		{EAA2E3B3-D2A3-4D67-A7F7-16ECE6D7AB12}.Profile|Win32.Build.0 = Release|Win32
		{EAA2E3B3-D2A3-4D67-A7F7-16ECE6D7AB12}.Release|Any CPU.ActiveCfg = Release|Win32
		{EAA2E3B3-D2A3-4D67-A7F7-16ECE6D7AB12}.Release|Mixed Platforms.ActiveCfg = Release|Win32
		{EAA2E3B3-D2A3-4D67-A7F7-16ECE6D7AB12}.Release|Mixed Platforms.Build.0 = Release|Win32
		{EAA2E3B3-D2A3-4D67-A7F7-16ECE6D7AB12}.Release|Win32.ActiveCfg = Release|Win32
		{EAA2E3B3-D2A3-4D67-A7F7-16ECE6D7AB12}.Release|Win32.Build.0 = Release|Win32
		{41A5331A-E449-4C24-8C41-B160A243B67D}.Debug|Any CPU.ActiveCfg = Debug|Win32
		{41A5331A-E449-4C24-8C41-B160A243B67D}.Debug|Mixed Platforms.ActiveCfg = Debug|Win32
		{41A5331A-E449-4C24-8C41-B160A243B67D}.Debug|Mixed Platforms.Build.0 = Debug|Win32
		{41A5331A-E449-4C24-8C41-B160A243B67D}.Debug|Win32.ActiveCfg = Debug|Win32
		{41A5331A-E449-4C24-8C41-B160A243B67D}.Debug|Win32.Build.0 = Debug|Win32
		{41A5331A-E449-4C24-8C41-B160A243B67D}.dungediter|Any CPU.ActiveCfg = Debug|Win32
		{41A5331A-E449-4C24-8C41-B160A243B67D}.dungediter|Mixed Platforms.ActiveCfg = Debug|Win32
		{41A5331A-E449-4C24-8C41-B160A243B67D}.dungediter|Mixed Platforms.Build.0 = Debug|Win32
		{41A5331A-E449-4C24-8C41-B160A243B67D}.dungediter|Win32.ActiveCfg = Debug|Win32
		{41A5331A-E449-4C24-8C41-B160A243B67D}.dungediter|Win32.Build.0 = Debug|Win32
		{41A5331A-E449-4C24-8C41-B160A243B67D}.game|Any CPU.ActiveCfg = Release|Win32
		{41A5331A-E449-4C24-8C41-B160A243B67D}.game|Mixed Platforms.ActiveCfg = Release|Win32
		{41A5331A-E449-4C24-8C41-B160A243B67D}.game|Mixed Platforms.Build.0 = Release|Win32
		{41A5331A-E449-4C24-8C41-B160A243B67D}.game|Win32.ActiveCfg = Release|Win32
		{41A5331A-E449-4C24-8C41-B160A243B67D}.game|Win32.Build.0 = Release|Win32
		{41A5331A-E449-4C24-8C41-B160A243B67D}.Profile|Any CPU.ActiveCfg = Release|Win32
		{41A5331A-E449-4C24-8C41-B160A243B67D}.Profile|Mixed Platforms.ActiveCfg = Release|Win32
		{41A5331A-E449-4C24-8C41-B160A243B67D}.Profile|Mixed Platforms.Build.0 = Release|Win32
		{41A5331A-E449-4C24-8C41-B160A243B67D}.Profile|Win32.ActiveCfg = Release|Win32
		{41A5331A-E449-4C24-8C41-B160A243B67D}.Profile|Win32.Build.0 = Release|Win32
		{41A5331A-E449-4C24-8C41-B160A243B67D}.Release|Any CPU.ActiveCfg = Release|Win32
		{41A5331A-E449-4C24-8C41-B160A243B67D}.Release|Mixed Platforms.ActiveCfg = Release|Win32
		{41A5331A-E449-4C24-8C41-B160A243B67D}.Release|Mixed Platforms.Build.0 = Release|Win32
		{41A5331A-E449-4C24-8C41-B160A243B67D}.Release|Win32.ActiveCfg = Release|Win32
		{41A5331A-E449-4C24-8C41-B160A243B67D}.Release|Win32.Build.0 = Release|Win32
		{E6157188-8DFE-473A-B238-B02C581097C4}.Debug|Any CPU.ActiveCfg = Debug|Win32
		{E6157188-8DFE-473A-B238-B02C581097C4}.Debug|Mixed Platforms.ActiveCfg = Debug|Win32
		{E6157188-8DFE-473A-B238-B02C581097C4}.Debug|Mixed Platforms.Build.0 = Debug|Win32
		{E6157188-8DFE-473A-B238-B02C581097C4}.Debug|Win32.ActiveCfg = Debug|Win32
		{E6157188-8DFE-473A-B238-B02C581097C4}.Debug|Win32.Build.0 = Debug|Win32
		{E6157188-8DFE-473A-B238-B02C581097C4}.dungediter|Any CPU.ActiveCfg = Debug|Win32
		{E6157188-8DFE-473A-B238-B02C581097C4}.dungediter|Mixed Platforms.ActiveCfg = Debug|Win32
		{E6157188-8DFE-473A-B238-B02C581097C4}.dungediter|Mixed Platforms.Build.0 = Debug|Win32
		{E6157188-8DFE-473A-B238-B02C581097C4}.dungediter|Win32.ActiveCfg = Debug|Win32
		{E6157188-8DFE-473A-B238-B02C581097C4}.dungediter|Win32.Build.0 = Debug|Win32
		{E6157188-8DFE-473A-B238-B02C581097C4}.game|Any CPU.ActiveCfg = Release|Win32
		{E6157188-8DFE-473A-B238-B02C581097C4}.game|Mixed Platforms.ActiveCfg = Release|Win32
		{E6157188-8DFE-473A-B238-B02C581097C4}.game|Mixed Platforms.Build.0 = Release|Win32
		{E6157188-8DFE-473A-B238-B02C581097C4}.game|Win32.ActiveCfg = Release|Win32
		{E6157188-8DFE-473A-B238-B02C581097C4}.game|Win32.Build.0 = Release|Win32
		{E6157188-8DFE-473A-B238-B02C581097C4}.Profile|Any CPU.ActiveCfg = Release|Win32
		{E6157188-8DFE-473A-B238-B02C581097C4}.Profile|Mixed Platforms.ActiveCfg = Release|Win32
		{E6157188-8DFE-473A-B238-B02C581097C4}.Profile|Mixed Platforms.Build.0 = Release|Win32
		{E6157188-8DFE-473A-B238-B02C581097C4}.Profile|Win32.ActiveCfg = Release|Win32
		{E6157188-8DFE-473A-B238-B02C581097C4}.Profile|Win32.Build.0 = Release|Win32
		{E6157188-8DFE-473A-B238-B02C581097C4}.Release|Any CPU.ActiveCfg = Release|Win32
		{E6157188-8DFE-473A-B238-B02C581097C4}.Release|Mixed Platforms.ActiveCfg = Release|Win32
		{E6157188-8DFE-473A-B238-B02C581097C4}.Release|Mixed Platforms.Build.0 = Release|Win32
		{E6157188-8DFE-473A-B238-B02C581097C4}.Release|Win32.ActiveCfg = Release|Win32
		{E6157188-8DFE-473A-B238-B02C581097C4}.Release|Win32.Build.0 = Release|Win32
		{A2532875-02E2-43E1-AC9A-8ECC6A2C95B8}.Debug|Any CPU.ActiveCfg = Debug|Win32
		{A2532875-02E2-43E1-AC9A-8ECC6A2C95B8}.Debug|Mixed Platforms.ActiveCfg = Debug|Win32
		{A2532875-02E2-43E1-AC9A-8ECC6A2C95B8}.Debug|Mixed Platforms.Build.0 = Debug|Win32
		{A2532875-02E2-43E1-AC9A-8ECC6A2C95B8}.Debug|Win32.ActiveCfg = Debug|Win32
		{A2532875-02E2-43E1-AC9A-8ECC6A2C95B8}.Debug|Win32.Build.0 = Debug|Win32
		{A2532875-02E2-43E1-AC9A-8ECC6A2C95B8}.dungediter|Any CPU.ActiveCfg = Debug|Win32
		{A2532875-02E2-43E1-AC9A-8ECC6A2C95B8}.dungediter|Mixed Platforms.ActiveCfg = Debug|Win32
		{A2532875-02E2-43E1-AC9A-8ECC6A2C95B8}.dungediter|Mixed Platforms.Build.0 = Debug|Win32
		{A2532875-02E2-43E1-AC9A-8ECC6A2C95B8}.dungediter|Win32.ActiveCfg = Debug|Win32
		{A2532875-02E2-43E1-AC9A-8ECC6A2C95B8}.dungediter|Win32.Build.0 = Debug|Win32
		{A2532875-02E2-43E1-AC9A-8ECC6A2C95B8}.game|Any CPU.ActiveCfg = Release|Win32
		{A2532875-02E2-43E1-AC9A-8ECC6A2C95B8}.game|Mixed Platforms.ActiveCfg = Release|Win32
		{A2532875-02E2-43E1-AC9A-8ECC6A2C95B8}.game|Mixed Platforms.Build.0 = Release|Win32
		{A2532875-02E2-43E1-AC9A-8ECC6A2C95B8}.game|Win32.ActiveCfg = Release|Win32
		{A2532875-02E2-43E1-AC9A-8ECC6A2C95B8}.game|Win32.Build.0 = Release|Win32
		{A2532875-02E2-43E1-AC9A-8ECC6A2C95B8}.Profile|Any CPU.ActiveCfg = Release|Win32
		{A2532875-02E2-43E1-AC9A-8ECC6A2C95B8}.Profile|Mixed Platforms.ActiveCfg = Release|Win32
		{A2532875-02E2-43E1-AC9A-8ECC6A2C95B8}.Profile|Mixed Platforms.Build.0 = Release|Win32
		{A2532875-02E2-43E1-AC9A-8ECC6A2C95B8}.Profile|Win32.ActiveCfg = Release|Win32
		{A2532875-02E2-43E1-AC9A-8ECC6A2C95B8}.Profile|Win32.Build.0 = Release|Win32
		{A2532875-02E2-43E1-AC9A-8ECC6A2C95B8}.Release|Any CPU.ActiveCfg = Release|Win32
		{A2532875-02E2-43E1-AC9A-8ECC6A2C95B8}.Release|Mixed Platforms.ActiveCfg = Release|Win32
		{A2532875-02E2-43E1-AC9A-8ECC6A2C95B8}.Release|Mixed Platforms.Build.0 = Release|Win32
		{A2532875-02E2-43E1-AC9A-8ECC6A2C95B8}.Release|Win32.ActiveCfg = Release|Win32
		{A2532875-02E2-43E1-AC9A-8ECC6A2C95B8}.Release|Win32.Build.0 = Release|Win32
		{ABDB3C8F-E50A-4413-86E6-45765311828E}.Debug|Any CPU.ActiveCfg = Debug|Win32
		{ABDB3C8F-E50A-4413-86E6-45765311828E}.Debug|Mixed Platforms.ActiveCfg = Debug|Win32
		{ABDB3C8F-E50A-4413-86E6-45765311828E}.Debug|Mixed Platforms.Build.0 = Debug|Win32
		{ABDB3C8F-E50A-4413-86E6-45765311828E}.Debug|Win32.ActiveCfg = Debug|Win32
		{ABDB3C8F-E50A-4413-86E6-45765311828E}.Debug|Win32.Build.0 = Debug|Win32
		{ABDB3C8F-E50A-4413-86E6-45765311828E}.dungediter|Any CPU.ActiveCfg = Debug|Win32
		{ABDB3C8F-E50A-4413-86E6-45765311828E}.dungediter|Mixed Platforms.ActiveCfg = Debug|Win32
		{ABDB3C8F-E50A-4413-86E6-45765311828E}.dungediter|Mixed Platforms.Build.0 = Debug|Win32
		{ABDB3C8F-E50A-4413-86E6-45765311828E}.dungediter|Win32.ActiveCfg = Debug|Win32
		{ABDB3C8F-E50A-4413-86E6-45765311828E}.dungediter|Win32.Build.0 = Debug|Win32
		{ABDB3C8F-E50A-4413-86E6-45765311828E}.game|Any CPU.ActiveCfg = Release|Win32
		{ABDB3C8F-E50A-4413-86E6-45765311828E}.game|Mixed Platforms.ActiveCfg = Release|Win32
		{ABDB3C8F-E50A-4413-86E6-45765311828E}.game|Mixed Platforms.Build.0 = Release|Win32
		{ABDB3C8F-E50A-4413-86E6-45765311828E}.game|Win32.ActiveCfg = Release|Win32
		{ABDB3C8F-E50A-4413-86E6-45765311828E}.game|Win32.Build.0 = Release|Win32
		{ABDB3C8F-E50A-4413-86E6-45765311828E}.Profile|Any CPU.ActiveCfg = Release|Win32
		{ABDB3C8F-E50A-4413-86E6-45765311828E}.Profile|Mixed Platforms.ActiveCfg = Release|Win32
		{ABDB3C8F-E50A-4413-86E6-45765311828E}.Profile|Mixed Platforms.Build.0 = Release|Win32
		{ABDB3C8F-E50A-4413-86E6-45765311828E}.Profile|Win32.ActiveCfg = Release|Win32
		{ABDB3C8F-E50A-4413-86E6-45765311828E}.Profile|Win32.Build.0 = Release|Win32
		{ABDB3C8F-E50A-4413-86E6-45765311828E}.Release|Any CPU.ActiveCfg = Release|Win32
		{ABDB3C8F-E50A-4413-86E6-45765311828E}.Release|Mixed Platforms.ActiveCfg = Release|Win32
		{ABDB3C8F-E50A-4413-86E6-45765311828E}.Release|Mixed Platforms.Build.0 = Release|Win32
		{ABDB3C8F-E50A-4413-86E6-45765311828E}.Release|Win32.ActiveCfg = Release|Win32
		{ABDB3C8F-E50A-4413-86E6-45765311828E}.Release|Win32.Build.0 = Release|Win32
		{EDCCAD0D-C259-4329-A106-EEC658E6DE9D}.Debug|Any CPU.ActiveCfg = Debug|Win32
		{EDCCAD0D-C259-4329-A106-EEC658E6DE9D}.Debug|Mixed Platforms.ActiveCfg = Debug|Win32
		{EDCCAD0D-C259-4329-A106-EEC658E6DE9D}.Debug|Mixed Platforms.Build.0 = Debug|Win32
		{EDCCAD0D-C259-4329-A106-EEC658E6DE9D}.Debug|Win32.ActiveCfg = Debug|Win32
		{EDCCAD0D-C259-4329-A106-EEC658E6DE9D}.Debug|Win32.Build.0 = Debug|Win32
		{EDCCAD0D-C259-4329-A106-EEC658E6DE9D}.dungediter|Any CPU.ActiveCfg = Debug|Win32
		{EDCCAD0D-C259-4329-A106-EEC658E6DE9D}.dungediter|Mixed Platforms.ActiveCfg = Debug|Win32
		{EDCCAD0D-C259-4329-A106-EEC658E6DE9D}.dungediter|Mixed Platforms.Build.0 = Debug|Win32
		{EDCCAD0D-C259-4329-A106-EEC658E6DE9D}.dungediter|Win32.ActiveCfg = Debug|Win32
		{EDCCAD0D-C259-4329-A106-EEC658E6DE9D}.dungediter|Win32.Build.0 = Debug|Win32
		{EDCCAD0D-C259-4329-A106-EEC658E6DE9D}.game|Any CPU.ActiveCfg = Release|Win32
		{EDCCAD0D-C259-4329-A106-EEC658E6DE9D}.game|Mixed Platforms.ActiveCfg = Release|Win32
		{EDCCAD0D-C259-4329-A106-EEC658E6DE9D}.game|Mixed Platforms.Build.0 = Release|Win32
		{EDCCAD0D-C259-4329-A106-EEC658E6DE9D}.game|Win32.ActiveCfg = Release|Win32
		{EDCCAD0D-C259-4329-A106-EEC658E6DE9D}.game|Win32.Build.0 = Release|Win32
		{EDCCAD0D-C259-4329-A106-EEC658E6DE9D}.Profile|Any CPU.ActiveCfg = Release|Win32
		{EDCCAD0D-C259-4329-A106-EEC658E6DE9D}.Profile|Mixed Platforms.ActiveCfg = Release|Win32
		{EDCCAD0D-C259-4329-A106-EEC658E6DE9D}.Profile|Mixed Platforms.Build.0 = Release|Win32
		{EDCCAD0D-C259-4329-A106-EEC658E6DE9D}.Profile|Win32.ActiveCfg = Release|Win32
		{EDCCAD0D-C259-4329-A106-EEC658E6DE9D}.Profile|Win32.Build.0 = Release|Win32
		{EDCCAD0D-C259-4329-A106-EEC658E6DE9D}.Release|Any CPU.ActiveCfg = Release|Win32
		{EDCCAD0D-C259-4329-A106-EEC658E6DE9D}.Release|Mixed Platforms.ActiveCfg = Release|Win32
		{EDCCAD0D-C259-4329-A106-EEC658E6DE9D}.Release|Mixed Platforms.Build.0 = Release|Win32
		{EDCCAD0D-C259-4329-A106-EEC658E6DE9D}.Release|Win32.ActiveCfg = Release|Win32
		{EDCCAD0D-C259-4329-A106-EEC658E6DE9D}.Release|Win32.Build.0 = Release|Win32
	EndGlobalSection
	GlobalSection(SolutionProperties) = preSolution
		HideSolutionNode = FALSE
	EndGlobalSection
	GlobalSection(Performance) = preSolution
		HasPerformanceSessions = true
	EndGlobalSection
EndGlobal
