<?xml version="1.0" encoding="utf-8"?>
<Project ToolsVersion="4.0" xmlns="http://schemas.microsoft.com/developer/msbuild/2003">
  <ItemGroup>
    <ClCompile Include="main.cpp" />
    <ClCompile Include="Bounds.cpp">
      <Filter>Definitions</Filter>
    </ClCompile>
    <ClCompile Include="Dungion.cpp">
      <Filter>Definitions</Filter>
    </ClCompile>
    <ClCompile Include="Entity.cpp">
      <Filter>Definitions</Filter>
    </ClCompile>
    <ClCompile Include="EventManager.cpp">
      <Filter>Definitions</Filter>
    </ClCompile>
    <ClCompile Include="GameEvent.cpp">
      <Filter>Definitions</Filter>
    </ClCompile>
    <ClCompile Include="Item.cpp">
      <Filter>Definitions</Filter>
    </ClCompile>
    <ClCompile Include="Map.cpp">
      <Filter>Definitions</Filter>
    </ClCompile>
    <ClCompile Include="Menu.cpp">
      <Filter>Definitions</Filter>
    </ClCompile>
    <ClCompile Include="Node.cpp">
      <Filter>Definitions</Filter>
    </ClCompile>
    <ClCompile Include="Player.cpp">
      <Filter>Definitions</Filter>
    </ClCompile>
    <ClCompile Include="Point.cpp">
      <Filter>Definitions</Filter>
    </ClCompile>
    <ClCompile Include="Sprites.cpp">
      <Filter>Definitions</Filter>
    </ClCompile>
    <ClCompile Include="Strings.cpp">
      <Filter>Definitions</Filter>
    </ClCompile>
    <ClCompile Include="SystemVars.cpp">
      <Filter>Definitions</Filter>
    </ClCompile>
    <ClCompile Include="Tile.cpp">
      <Filter>Definitions</Filter>
    </ClCompile>
    <ClCompile Include="SystemVars.h">
      <Filter>Headers</Filter>
    </ClCompile>
    <ClCompile Include="GameEventChangeLightLevel.cpp">
      <Filter>Definitions</Filter>
    </ClCompile>
    <ClCompile Include="GameEventDialog.cpp">
      <Filter>Definitions</Filter>
    </ClCompile>
    <ClCompile Include="GameEventMovePlayer.cpp">
      <Filter>Definitions</Filter>
    </ClCompile>
    <ClCompile Include="GameEventOnRoomEnter.cpp">
      <Filter>Definitions</Filter>
    </ClCompile>
    <ClCompile Include="GameEventPlaySfx.cpp">
      <Filter>Definitions</Filter>
    </ClCompile>
    <ClCompile Include="GameEventSpawnEntity.cpp">
      <Filter>Definitions</Filter>
    </ClCompile>
    <ClCompile Include="GameEventSpawnGold.cpp">
      <Filter>Definitions</Filter>
    </ClCompile>
    <ClCompile Include="GameEventSpawnTorch.cpp">
      <Filter>Definitions</Filter>
    </ClCompile>
    <ClCompile Include="GameEventWarpToMap.cpp">
      <Filter>Definitions</Filter>
    </ClCompile>
    <ClCompile Include="GameObject.cpp">
      <Filter>Definitions</Filter>
    </ClCompile>
    <ClCompile Include="GameScriptFileDataset.cpp" />
    <ClCompile Include="GameScriptFileDatasetKeyname.cpp" />
    <ClCompile Include="GameScriptFileDatasetKeynameChildren.cpp" />
    <ClCompile Include="GameEntityPath.cpp" />
  </ItemGroup>
  <ItemGroup>
    <ClInclude Include="Bounds.h">
      <Filter>Headers</Filter>
    </ClInclude>
    <ClInclude Include="Dungion.h">
      <Filter>Headers</Filter>
    </ClInclude>
    <ClInclude Include="Entity.h">
      <Filter>Headers</Filter>
    </ClInclude>
    <ClInclude Include="EventManager.h">
      <Filter>Headers</Filter>
    </ClInclude>
    <ClInclude Include="GameEvent.h">
      <Filter>Headers</Filter>
    </ClInclude>
    <ClInclude Include="Item.h">
      <Filter>Headers</Filter>
    </ClInclude>
    <ClInclude Include="Map.h">
      <Filter>Headers</Filter>
    </ClInclude>
    <ClInclude Include="Menu.h">
      <Filter>Headers</Filter>
    </ClInclude>
    <ClInclude Include="Node.h">
      <Filter>Headers</Filter>
    </ClInclude>
    <ClInclude Include="Player.h">
      <Filter>Headers</Filter>
    </ClInclude>
    <ClInclude Include="Point.h">
      <Filter>Headers</Filter>
    </ClInclude>
    <ClInclude Include="Tile.h">
      <Filter>Headers</Filter>
    </ClInclude>
    <ClInclude Include="GameEventChangeLightLevel.h">
      <Filter>Headers</Filter>
    </ClInclude>
    <ClInclude Include="GameEventDialog.h">
      <Filter>Headers</Filter>
    </ClInclude>
    <ClInclude Include="GameEventMovePlayer.h">
      <Filter>Headers</Filter>
    </ClInclude>
    <ClInclude Include="GameEventOnRoomEnter.h">
      <Filter>Headers</Filter>
    </ClInclude>
    <ClInclude Include="GameEventPlaySfx.h">
      <Filter>Headers</Filter>
    </ClInclude>
    <ClInclude Include="GameEventSpawnEntity.h">
      <Filter>Headers</Filter>
    </ClInclude>
    <ClInclude Include="GameEventSpawnGold.h">
      <Filter>Headers</Filter>
    </ClInclude>
    <ClInclude Include="GameEventSpawnTorch.h">
      <Filter>Headers</Filter>
    </ClInclude>
    <ClInclude Include="GameEventWarpToMap.h">
      <Filter>Headers</Filter>
    </ClInclude>
    <ClInclude Include="GameObject.h">
      <Filter>Headers</Filter>
    </ClInclude>
    <ClInclude Include="GameScriptFileDataset.h" />
    <ClInclude Include="GameScriptFileDatasetKeyname.h" />
    <ClInclude Include="GameScriptFileDatasetKeynameChildren.h" />
    <ClInclude Include="GameEntityPath.h" />
  </ItemGroup>
  <ItemGroup>
    <Filter Include="Headers">
      <UniqueIdentifier>{3c8031a4-cdcd-44bb-a599-9df924048625}</UniqueIdentifier>
    </Filter>
    <Filter Include="Definitions">
      <UniqueIdentifier>{754822f6-0f7e-4c8e-a740-edb58275eb2c}</UniqueIdentifier>
    </Filter>
  </ItemGroup>
</Project>