<?xml version="1.0" encoding="utf-8"?>
<Project ToolsVersion="4.0" xmlns="http://schemas.microsoft.com/developer/msbuild/2003">
  <ItemGroup>
    <ClCompile Include="Bounds.cpp" />
    <ClCompile Include="Dungion.cpp" />
    <ClCompile Include="Entity.cpp" />
    <ClCompile Include="EventManager.cpp" />
    <ClCompile Include="GameEvent.cpp" />
    <ClCompile Include="Item.cpp" />
    <ClCompile Include="main.cpp" />
    <ClCompile Include="Map.cpp" />
    <ClCompile Include="Menu.cpp" />
    <ClCompile Include="Node.cpp" />
    <ClCompile Include="Player.cpp" />
    <ClCompile Include="Point.cpp" />
    <ClCompile Include="Sprites.cpp" />
    <ClCompile Include="Strings.cpp" />
    <ClCompile Include="SystemVars.cpp" />
    <ClCompile Include="SystemVars.h" />
    <ClCompile Include="Tile.cpp" />
  </ItemGroup>
  <ItemGroup>
    <ClInclude Include="Bounds.h" />
    <ClInclude Include="Dungion.h" />
    <ClInclude Include="Entity.h" />
    <ClInclude Include="EventManager.h" />
    <ClInclude Include="GameEvent.h" />
    <ClInclude Include="Item.h" />
    <ClInclude Include="Map.h" />
    <ClInclude Include="Menu.h" />
    <ClInclude Include="Node.h" />
    <ClInclude Include="Player.h" />
    <ClInclude Include="Point.h" />
    <ClInclude Include="Tile.h" />
  </ItemGroup>
  <ItemGroup>
    <Filter Include="Headers">
      <UniqueIdentifier>{3c8031a4-cdcd-44bb-a599-9df924048625}</UniqueIdentifier>
    </Filter>
    <Filter Include="Definitions">
      <UniqueIdentifier>{754822f6-0f7e-4c8e-a740-edb58275eb2c}</UniqueIdentifier>
    </Filter>
  </ItemGroup>
</Project>